// !$*UTF8*$!
{
	archiveVersion = 1;
	classes = {
	};
	objectVersion = 56;
	objects = {

/* Begin PBXBuildFile section */
		F1D404A82BC50C9600A9541C /* KryptoApp.swift in Sources */ = {isa = PBXBuildFile; fileRef = F1D404A72BC50C9600A9541C /* KryptoApp.swift */; };
		F1D404AA2BC50C9600A9541C /* ContentView.swift in Sources */ = {isa = PBXBuildFile; fileRef = F1D404A92BC50C9600A9541C /* ContentView.swift */; };
		F1D404AC2BC50C9600A9541C /* Item.swift in Sources */ = {isa = PBXBuildFile; fileRef = F1D404AB2BC50C9600A9541C /* Item.swift */; };
		F1D404AE2BC50C9700A9541C /* Assets.xcassets in Resources */ = {isa = PBXBuildFile; fileRef = F1D404AD2BC50C9700A9541C /* Assets.xcassets */; };
		F1D404B12BC50C9700A9541C /* Preview Assets.xcassets in Resources */ = {isa = PBXBuildFile; fileRef = F1D404B02BC50C9700A9541C /* Preview Assets.xcassets */; };
		F1D404BB2BC50C9700A9541C /* KryptoTests.swift in Sources */ = {isa = PBXBuildFile; fileRef = F1D404BA2BC50C9700A9541C /* KryptoTests.swift */; };
		F1D404C52BC50C9700A9541C /* KryptoUITests.swift in Sources */ = {isa = PBXBuildFile; fileRef = F1D404C42BC50C9700A9541C /* KryptoUITests.swift */; };
		F1D404C72BC50C9700A9541C /* KryptoUITestsLaunchTests.swift in Sources */ = {isa = PBXBuildFile; fileRef = F1D404C62BC50C9700A9541C /* KryptoUITestsLaunchTests.swift */; };
/* End PBXBuildFile section */

/* Begin PBXContainerItemProxy section */
		F1D404B72BC50C9700A9541C /* PBXContainerItemProxy */ = {
			isa = PBXContainerItemProxy;
			containerPortal = F1D4049C2BC50C9600A9541C /* Project object */;
			proxyType = 1;
			remoteGlobalIDString = F1D404A32BC50C9600A9541C;
			remoteInfo = Krypto;
		};
		F1D404C12BC50C9700A9541C /* PBXContainerItemProxy */ = {
			isa = PBXContainerItemProxy;
			containerPortal = F1D4049C2BC50C9600A9541C /* Project object */;
			proxyType = 1;
			remoteGlobalIDString = F1D404A32BC50C9600A9541C;
			remoteInfo = Krypto;
		};
/* End PBXContainerItemProxy section */

/* Begin PBXFileReference section */
		F1D404A42BC50C9600A9541C /* Krypto.app */ = {isa = PBXFileReference; explicitFileType = wrapper.application; includeInIndex = 0; path = Krypto.app; sourceTree = BUILT_PRODUCTS_DIR; };
		F1D404A72BC50C9600A9541C /* KryptoApp.swift */ = {isa = PBXFileReference; lastKnownFileType = sourcecode.swift; path = KryptoApp.swift; sourceTree = "<group>"; };
		F1D404A92BC50C9600A9541C /* ContentView.swift */ = {isa = PBXFileReference; lastKnownFileType = sourcecode.swift; path = ContentView.swift; sourceTree = "<group>"; };
		F1D404AB2BC50C9600A9541C /* Item.swift */ = {isa = PBXFileReference; lastKnownFileType = sourcecode.swift; path = Item.swift; sourceTree = "<group>"; };
		F1D404AD2BC50C9700A9541C /* Assets.xcassets */ = {isa = PBXFileReference; lastKnownFileType = folder.assetcatalog; path = Assets.xcassets; sourceTree = "<group>"; };
		F1D404B02BC50C9700A9541C /* Preview Assets.xcassets */ = {isa = PBXFileReference; lastKnownFileType = folder.assetcatalog; path = "Preview Assets.xcassets"; sourceTree = "<group>"; };
		F1D404B62BC50C9700A9541C /* KryptoTests.xctest */ = {isa = PBXFileReference; explicitFileType = wrapper.cfbundle; includeInIndex = 0; path = KryptoTests.xctest; sourceTree = BUILT_PRODUCTS_DIR; };
		F1D404BA2BC50C9700A9541C /* KryptoTests.swift */ = {isa = PBXFileReference; lastKnownFileType = sourcecode.swift; path = KryptoTests.swift; sourceTree = "<group>"; };
		F1D404C02BC50C9700A9541C /* KryptoUITests.xctest */ = {isa = PBXFileReference; explicitFileType = wrapper.cfbundle; includeInIndex = 0; path = KryptoUITests.xctest; sourceTree = BUILT_PRODUCTS_DIR; };
		F1D404C42BC50C9700A9541C /* KryptoUITests.swift */ = {isa = PBXFileReference; lastKnownFileType = sourcecode.swift; path = KryptoUITests.swift; sourceTree = "<group>"; };
		F1D404C62BC50C9700A9541C /* KryptoUITestsLaunchTests.swift */ = {isa = PBXFileReference; lastKnownFileType = sourcecode.swift; path = KryptoUITestsLaunchTests.swift; sourceTree = "<group>"; };
/* End PBXFileReference section */

/* Begin PBXFrameworksBuildPhase section */
		F1D404A12BC50C9600A9541C /* Frameworks */ = {
			isa = PBXFrameworksBuildPhase;
			buildActionMask = 2147483647;
			files = (
			);
			runOnlyForDeploymentPostprocessing = 0;
		};
		F1D404B32BC50C9700A9541C /* Frameworks */ = {
			isa = PBXFrameworksBuildPhase;
			buildActionMask = 2147483647;
			files = (
			);
			runOnlyForDeploymentPostprocessing = 0;
		};
		F1D404BD2BC50C9700A9541C /* Frameworks */ = {
			isa = PBXFrameworksBuildPhase;
			buildActionMask = 2147483647;
			files = (
			);
			runOnlyForDeploymentPostprocessing = 0;
		};
/* End PBXFrameworksBuildPhase section */

/* Begin PBXGroup section */
		F1D4049B2BC50C9600A9541C = {
			isa = PBXGroup;
			children = (
				F1D404A62BC50C9600A9541C /* Krypto */,
				F1D404B92BC50C9700A9541C /* KryptoTests */,
				F1D404C32BC50C9700A9541C /* KryptoUITests */,
				F1D404A52BC50C9600A9541C /* Products */,
			);
			sourceTree = "<group>";
		};
		F1D404A52BC50C9600A9541C /* Products */ = {
			isa = PBXGroup;
			children = (
				F1D404A42BC50C9600A9541C /* Krypto.app */,
				F1D404B62BC50C9700A9541C /* KryptoTests.xctest */,
				F1D404C02BC50C9700A9541C /* KryptoUITests.xctest */,
			);
			name = Products;
			sourceTree = "<group>";
		};
		F1D404A62BC50C9600A9541C /* Krypto */ = {
			isa = PBXGroup;
			children = (
				F1D404A72BC50C9600A9541C /* KryptoApp.swift */,
				F1D404A92BC50C9600A9541C /* ContentView.swift */,
				F1D404AB2BC50C9600A9541C /* Item.swift */,
				F1D404AD2BC50C9700A9541C /* Assets.xcassets */,
				F1D404AF2BC50C9700A9541C /* Preview Content */,
			);
			path = Krypto;
			sourceTree = "<group>";
		};
		F1D404AF2BC50C9700A9541C /* Preview Content */ = {
			isa = PBXGroup;
			children = (
				F1D404B02BC50C9700A9541C /* Preview Assets.xcassets */,
			);
			path = "Preview Content";
			sourceTree = "<group>";
		};
		F1D404B92BC50C9700A9541C /* KryptoTests */ = {
			isa = PBXGroup;
			children = (
				F1D404BA2BC50C9700A9541C /* KryptoTests.swift */,
			);
			path = KryptoTests;
			sourceTree = "<group>";
		};
		F1D404C32BC50C9700A9541C /* KryptoUITests */ = {
			isa = PBXGroup;
			children = (
				F1D404C42BC50C9700A9541C /* KryptoUITests.swift */,
				F1D404C62BC50C9700A9541C /* KryptoUITestsLaunchTests.swift */,
			);
			path = KryptoUITests;
			sourceTree = "<group>";
		};
/* End PBXGroup section */

/* Begin PBXNativeTarget section */
		F1D404A32BC50C9600A9541C /* Krypto */ = {
			isa = PBXNativeTarget;
			buildConfigurationList = F1D404CA2BC50C9700A9541C /* Build configuration list for PBXNativeTarget "Krypto" */;
			buildPhases = (
				F1D404A02BC50C9600A9541C /* Sources */,
				F1D404A12BC50C9600A9541C /* Frameworks */,
				F1D404A22BC50C9600A9541C /* Resources */,
			);
			buildRules = (
			);
			dependencies = (
			);
			name = Krypto;
			productName = Krypto;
			productReference = F1D404A42BC50C9600A9541C /* Krypto.app */;
			productType = "com.apple.product-type.application";
		};
		F1D404B52BC50C9700A9541C /* KryptoTests */ = {
			isa = PBXNativeTarget;
			buildConfigurationList = F1D404CD2BC50C9700A9541C /* Build configuration list for PBXNativeTarget "KryptoTests" */;
			buildPhases = (
				F1D404B22BC50C9700A9541C /* Sources */,
				F1D404B32BC50C9700A9541C /* Frameworks */,
				F1D404B42BC50C9700A9541C /* Resources */,
			);
			buildRules = (
			);
			dependencies = (
				F1D404B82BC50C9700A9541C /* PBXTargetDependency */,
			);
			name = KryptoTests;
			productName = KryptoTests;
			productReference = F1D404B62BC50C9700A9541C /* KryptoTests.xctest */;
			productType = "com.apple.product-type.bundle.unit-test";
		};
		F1D404BF2BC50C9700A9541C /* KryptoUITests */ = {
			isa = PBXNativeTarget;
			buildConfigurationList = F1D404D02BC50C9700A9541C /* Build configuration list for PBXNativeTarget "KryptoUITests" */;
			buildPhases = (
				F1D404BC2BC50C9700A9541C /* Sources */,
				F1D404BD2BC50C9700A9541C /* Frameworks */,
				F1D404BE2BC50C9700A9541C /* Resources */,
			);
			buildRules = (
			);
			dependencies = (
				F1D404C22BC50C9700A9541C /* PBXTargetDependency */,
			);
			name = KryptoUITests;
			productName = KryptoUITests;
			productReference = F1D404C02BC50C9700A9541C /* KryptoUITests.xctest */;
			productType = "com.apple.product-type.bundle.ui-testing";
		};
/* End PBXNativeTarget section */

/* Begin PBXProject section */
		F1D4049C2BC50C9600A9541C /* Project object */ = {
			isa = PBXProject;
			attributes = {
				BuildIndependentTargetsInParallel = 1;
				LastSwiftUpdateCheck = 1530;
				LastUpgradeCheck = 1530;
				TargetAttributes = {
					F1D404A32BC50C9600A9541C = {
						CreatedOnToolsVersion = 15.3;
					};
					F1D404B52BC50C9700A9541C = {
						CreatedOnToolsVersion = 15.3;
						TestTargetID = F1D404A32BC50C9600A9541C;
					};
					F1D404BF2BC50C9700A9541C = {
						CreatedOnToolsVersion = 15.3;
						TestTargetID = F1D404A32BC50C9600A9541C;
					};
				};
			};
			buildConfigurationList = F1D4049F2BC50C9600A9541C /* Build configuration list for PBXProject "Krypto" */;
			compatibilityVersion = "Xcode 14.0";
			developmentRegion = en;
			hasScannedForEncodings = 0;
			knownRegions = (
				en,
				Base,
			);
			mainGroup = F1D4049B2BC50C9600A9541C;
			productRefGroup = F1D404A52BC50C9600A9541C /* Products */;
			projectDirPath = "";
			projectRoot = "";
			targets = (
				F1D404A32BC50C9600A9541C /* Krypto */,
				F1D404B52BC50C9700A9541C /* KryptoTests */,
				F1D404BF2BC50C9700A9541C /* KryptoUITests */,
			);
		};
/* End PBXProject section */

/* Begin PBXResourcesBuildPhase section */
		F1D404A22BC50C9600A9541C /* Resources */ = {
			isa = PBXResourcesBuildPhase;
			buildActionMask = 2147483647;
			files = (
				F1D404B12BC50C9700A9541C /* Preview Assets.xcassets in Resources */,
				F1D404AE2BC50C9700A9541C /* Assets.xcassets in Resources */,
			);
			runOnlyForDeploymentPostprocessing = 0;
		};
		F1D404B42BC50C9700A9541C /* Resources */ = {
			isa = PBXResourcesBuildPhase;
			buildActionMask = 2147483647;
			files = (
			);
			runOnlyForDeploymentPostprocessing = 0;
		};
		F1D404BE2BC50C9700A9541C /* Resources */ = {
			isa = PBXResourcesBuildPhase;
			buildActionMask = 2147483647;
			files = (
			);
			runOnlyForDeploymentPostprocessing = 0;
		};
/* End PBXResourcesBuildPhase section */

/* Begin PBXSourcesBuildPhase section */
		F1D404A02BC50C9600A9541C /* Sources */ = {
			isa = PBXSourcesBuildPhase;
			buildActionMask = 2147483647;
			files = (
				F1D404AA2BC50C9600A9541C /* ContentView.swift in Sources */,
				F1D404AC2BC50C9600A9541C /* Item.swift in Sources */,
				F1D404A82BC50C9600A9541C /* KryptoApp.swift in Sources */,
			);
			runOnlyForDeploymentPostprocessing = 0;
		};
		F1D404B22BC50C9700A9541C /* Sources */ = {
			isa = PBXSourcesBuildPhase;
			buildActionMask = 2147483647;
			files = (
				F1D404BB2BC50C9700A9541C /* KryptoTests.swift in Sources */,
			);
			runOnlyForDeploymentPostprocessing = 0;
		};
		F1D404BC2BC50C9700A9541C /* Sources */ = {
			isa = PBXSourcesBuildPhase;
			buildActionMask = 2147483647;
			files = (
				F1D404C52BC50C9700A9541C /* KryptoUITests.swift in Sources */,
				F1D404C72BC50C9700A9541C /* KryptoUITestsLaunchTests.swift in Sources */,
			);
			runOnlyForDeploymentPostprocessing = 0;
		};
/* End PBXSourcesBuildPhase section */

/* Begin PBXTargetDependency section */
		F1D404B82BC50C9700A9541C /* PBXTargetDependency */ = {
			isa = PBXTargetDependency;
			target = F1D404A32BC50C9600A9541C /* Krypto */;
			targetProxy = F1D404B72BC50C9700A9541C /* PBXContainerItemProxy */;
		};
		F1D404C22BC50C9700A9541C /* PBXTargetDependency */ = {
			isa = PBXTargetDependency;
			target = F1D404A32BC50C9600A9541C /* Krypto */;
			targetProxy = F1D404C12BC50C9700A9541C /* PBXContainerItemProxy */;
		};
/* End PBXTargetDependency section */

/* Begin XCBuildConfiguration section */
		F1D404C82BC50C9700A9541C /* Debug */ = {
			isa = XCBuildConfiguration;
			buildSettings = {
				ALWAYS_SEARCH_USER_PATHS = NO;
				ASSETCATALOG_COMPILER_GENERATE_SWIFT_ASSET_SYMBOL_EXTENSIONS = YES;
				CLANG_ANALYZER_NONNULL = YES;
				CLANG_ANALYZER_NUMBER_OBJECT_CONVERSION = YES_AGGRESSIVE;
				CLANG_CXX_LANGUAGE_STANDARD = "gnu++20";
				CLANG_ENABLE_MODULES = YES;
				CLANG_ENABLE_OBJC_ARC = YES;
				CLANG_ENABLE_OBJC_WEAK = YES;
				CLANG_WARN_BLOCK_CAPTURE_AUTORELEASING = YES;
				CLANG_WARN_BOOL_CONVERSION = YES;
				CLANG_WARN_COMMA = YES;
				CLANG_WARN_CONSTANT_CONVERSION = YES;
				CLANG_WARN_DEPRECATED_OBJC_IMPLEMENTATIONS = YES;
				CLANG_WARN_DIRECT_OBJC_ISA_USAGE = YES_ERROR;
				CLANG_WARN_DOCUMENTATION_COMMENTS = YES;
				CLANG_WARN_EMPTY_BODY = YES;
				CLANG_WARN_ENUM_CONVERSION = YES;
				CLANG_WARN_INFINITE_RECURSION = YES;
				CLANG_WARN_INT_CONVERSION = YES;
				CLANG_WARN_NON_LITERAL_NULL_CONVERSION = YES;
				CLANG_WARN_OBJC_IMPLICIT_RETAIN_SELF = YES;
				CLANG_WARN_OBJC_LITERAL_CONVERSION = YES;
				CLANG_WARN_OBJC_ROOT_CLASS = YES_ERROR;
				CLANG_WARN_QUOTED_INCLUDE_IN_FRAMEWORK_HEADER = YES;
				CLANG_WARN_RANGE_LOOP_ANALYSIS = YES;
				CLANG_WARN_STRICT_PROTOTYPES = YES;
				CLANG_WARN_SUSPICIOUS_MOVE = YES;
				CLANG_WARN_UNGUARDED_AVAILABILITY = YES_AGGRESSIVE;
				CLANG_WARN_UNREACHABLE_CODE = YES;
				CLANG_WARN__DUPLICATE_METHOD_MATCH = YES;
				COPY_PHASE_STRIP = NO;
				DEBUG_INFORMATION_FORMAT = dwarf;
				ENABLE_STRICT_OBJC_MSGSEND = YES;
				ENABLE_TESTABILITY = YES;
				ENABLE_USER_SCRIPT_SANDBOXING = YES;
				GCC_C_LANGUAGE_STANDARD = gnu17;
				GCC_DYNAMIC_NO_PIC = NO;
				GCC_NO_COMMON_BLOCKS = YES;
				GCC_OPTIMIZATION_LEVEL = 0;
				GCC_PREPROCESSOR_DEFINITIONS = (
					"DEBUG=1",
					"$(inherited)",
				);
				GCC_WARN_64_TO_32_BIT_CONVERSION = YES;
				GCC_WARN_ABOUT_RETURN_TYPE = YES_ERROR;
				GCC_WARN_UNDECLARED_SELECTOR = YES;
				GCC_WARN_UNINITIALIZED_AUTOS = YES_AGGRESSIVE;
				GCC_WARN_UNUSED_FUNCTION = YES;
				GCC_WARN_UNUSED_VARIABLE = YES;
				IPHONEOS_DEPLOYMENT_TARGET = 17.4;
				LOCALIZATION_PREFERS_STRING_CATALOGS = YES;
				MTL_ENABLE_DEBUG_INFO = INCLUDE_SOURCE;
				MTL_FAST_MATH = YES;
				ONLY_ACTIVE_ARCH = YES;
				SDKROOT = iphoneos;
				SWIFT_ACTIVE_COMPILATION_CONDITIONS = "DEBUG $(inherited)";
				SWIFT_OPTIMIZATION_LEVEL = "-Onone";
			};
			name = Debug;
		};
		F1D404C92BC50C9700A9541C /* Release */ = {
			isa = XCBuildConfiguration;
			buildSettings = {
				ALWAYS_SEARCH_USER_PATHS = NO;
				ASSETCATALOG_COMPILER_GENERATE_SWIFT_ASSET_SYMBOL_EXTENSIONS = YES;
				CLANG_ANALYZER_NONNULL = YES;
				CLANG_ANALYZER_NUMBER_OBJECT_CONVERSION = YES_AGGRESSIVE;
				CLANG_CXX_LANGUAGE_STANDARD = "gnu++20";
				CLANG_ENABLE_MODULES = YES;
				CLANG_ENABLE_OBJC_ARC = YES;
				CLANG_ENABLE_OBJC_WEAK = YES;
				CLANG_WARN_BLOCK_CAPTURE_AUTORELEASING = YES;
				CLANG_WARN_BOOL_CONVERSION = YES;
				CLANG_WARN_COMMA = YES;
				CLANG_WARN_CONSTANT_CONVERSION = YES;
				CLANG_WARN_DEPRECATED_OBJC_IMPLEMENTATIONS = YES;
				CLANG_WARN_DIRECT_OBJC_ISA_USAGE = YES_ERROR;
				CLANG_WARN_DOCUMENTATION_COMMENTS = YES;
				CLANG_WARN_EMPTY_BODY = YES;
				CLANG_WARN_ENUM_CONVERSION = YES;
				CLANG_WARN_INFINITE_RECURSION = YES;
				CLANG_WARN_INT_CONVERSION = YES;
				CLANG_WARN_NON_LITERAL_NULL_CONVERSION = YES;
				CLANG_WARN_OBJC_IMPLICIT_RETAIN_SELF = YES;
				CLANG_WARN_OBJC_LITERAL_CONVERSION = YES;
				CLANG_WARN_OBJC_ROOT_CLASS = YES_ERROR;
				CLANG_WARN_QUOTED_INCLUDE_IN_FRAMEWORK_HEADER = YES;
				CLANG_WARN_RANGE_LOOP_ANALYSIS = YES;
				CLANG_WARN_STRICT_PROTOTYPES = YES;
				CLANG_WARN_SUSPICIOUS_MOVE = YES;
				CLANG_WARN_UNGUARDED_AVAILABILITY = YES_AGGRESSIVE;
				CLANG_WARN_UNREACHABLE_CODE = YES;
				CLANG_WARN__DUPLICATE_METHOD_MATCH = YES;
				COPY_PHASE_STRIP = NO;
				DEBUG_INFORMATION_FORMAT = "dwarf-with-dsym";
				ENABLE_NS_ASSERTIONS = NO;
				ENABLE_STRICT_OBJC_MSGSEND = YES;
				ENABLE_USER_SCRIPT_SANDBOXING = YES;
				GCC_C_LANGUAGE_STANDARD = gnu17;
				GCC_NO_COMMON_BLOCKS = YES;
				GCC_WARN_64_TO_32_BIT_CONVERSION = YES;
				GCC_WARN_ABOUT_RETURN_TYPE = YES_ERROR;
				GCC_WARN_UNDECLARED_SELECTOR = YES;
				GCC_WARN_UNINITIALIZED_AUTOS = YES_AGGRESSIVE;
				GCC_WARN_UNUSED_FUNCTION = YES;
				GCC_WARN_UNUSED_VARIABLE = YES;
				IPHONEOS_DEPLOYMENT_TARGET = 17.4;
				LOCALIZATION_PREFERS_STRING_CATALOGS = YES;
				MTL_ENABLE_DEBUG_INFO = NO;
				MTL_FAST_MATH = YES;
				SDKROOT = iphoneos;
				SWIFT_COMPILATION_MODE = wholemodule;
				VALIDATE_PRODUCT = YES;
			};
			name = Release;
		};
		F1D404CB2BC50C9700A9541C /* Debug */ = {
			isa = XCBuildConfiguration;
			buildSettings = {
				ASSETCATALOG_COMPILER_APPICON_NAME = AppIcon;
				ASSETCATALOG_COMPILER_GLOBAL_ACCENT_COLOR_NAME = AccentColor;
				CODE_SIGN_STYLE = Automatic;
				CURRENT_PROJECT_VERSION = 1;
				DEVELOPMENT_ASSET_PATHS = "\"Krypto/Preview Content\"";
				ENABLE_PREVIEWS = YES;
				GENERATE_INFOPLIST_FILE = YES;
				INFOPLIST_KEY_UIApplicationSceneManifest_Generation = YES;
				INFOPLIST_KEY_UIApplicationSupportsIndirectInputEvents = YES;
				INFOPLIST_KEY_UILaunchScreen_Generation = YES;
				INFOPLIST_KEY_UISupportedInterfaceOrientations_iPad = "UIInterfaceOrientationPortrait UIInterfaceOrientationPortraitUpsideDown UIInterfaceOrientationLandscapeLeft UIInterfaceOrientationLandscapeRight";
				INFOPLIST_KEY_UISupportedInterfaceOrientations_iPhone = "UIInterfaceOrientationPortrait UIInterfaceOrientationLandscapeLeft UIInterfaceOrientationLandscapeRight";
				LD_RUNPATH_SEARCH_PATHS = (
					"$(inherited)",
					"@executable_path/Frameworks",
				);
				MARKETING_VERSION = 1.0;
				PRODUCT_BUNDLE_IDENTIFIER = saber.Krypto;
				PRODUCT_NAME = "$(TARGET_NAME)";
				SWIFT_EMIT_LOC_STRINGS = YES;
				SWIFT_VERSION = 5.0;
				TARGETED_DEVICE_FAMILY = "1,2";
			};
			name = Debug;
		};
		F1D404CC2BC50C9700A9541C /* Release */ = {
			isa = XCBuildConfiguration;
			buildSettings = {
				ASSETCATALOG_COMPILER_APPICON_NAME = AppIcon;
				ASSETCATALOG_COMPILER_GLOBAL_ACCENT_COLOR_NAME = AccentColor;
				CODE_SIGN_STYLE = Automatic;
				CURRENT_PROJECT_VERSION = 1;
				DEVELOPMENT_ASSET_PATHS = "\"Krypto/Preview Content\"";
				ENABLE_PREVIEWS = YES;
				GENERATE_INFOPLIST_FILE = YES;
				INFOPLIST_KEY_UIApplicationSceneManifest_Generation = YES;
				INFOPLIST_KEY_UIApplicationSupportsIndirectInputEvents = YES;
				INFOPLIST_KEY_UILaunchScreen_Generation = YES;
				INFOPLIST_KEY_UISupportedInterfaceOrientations_iPad = "UIInterfaceOrientationPortrait UIInterfaceOrientationPortraitUpsideDown UIInterfaceOrientationLandscapeLeft UIInterfaceOrientationLandscapeRight";
				INFOPLIST_KEY_UISupportedInterfaceOrientations_iPhone = "UIInterfaceOrientationPortrait UIInterfaceOrientationLandscapeLeft UIInterfaceOrientationLandscapeRight";
				LD_RUNPATH_SEARCH_PATHS = (
					"$(inherited)",
					"@executable_path/Frameworks",
				);
				MARKETING_VERSION = 1.0;
				PRODUCT_BUNDLE_IDENTIFIER = saber.Krypto;
				PRODUCT_NAME = "$(TARGET_NAME)";
				SWIFT_EMIT_LOC_STRINGS = YES;
				SWIFT_VERSION = 5.0;
				TARGETED_DEVICE_FAMILY = "1,2";
			};
			name = Release;
		};
		F1D404CE2BC50C9700A9541C /* Debug */ = {
			isa = XCBuildConfiguration;
			buildSettings = {
				ALWAYS_EMBED_SWIFT_STANDARD_LIBRARIES = YES;
				BUNDLE_LOADER = "$(TEST_HOST)";
				CODE_SIGN_STYLE = Automatic;
				CURRENT_PROJECT_VERSION = 1;
				GENERATE_INFOPLIST_FILE = YES;
				IPHONEOS_DEPLOYMENT_TARGET = 17.4;
				MARKETING_VERSION = 1.0;
				PRODUCT_BUNDLE_IDENTIFIER = saber.KryptoTests;
				PRODUCT_NAME = "$(TARGET_NAME)";
				SWIFT_EMIT_LOC_STRINGS = NO;
				SWIFT_VERSION = 5.0;
				TARGETED_DEVICE_FAMILY = "1,2";
				TEST_HOST = "$(BUILT_PRODUCTS_DIR)/Krypto.app/$(BUNDLE_EXECUTABLE_FOLDER_PATH)/Krypto";
			};
			name = Debug;
		};
		F1D404CF2BC50C9700A9541C /* Release */ = {
			isa = XCBuildConfiguration;
			buildSettings = {
				ALWAYS_EMBED_SWIFT_STANDARD_LIBRARIES = YES;
				BUNDLE_LOADER = "$(TEST_HOST)";
				CODE_SIGN_STYLE = Automatic;
				CURRENT_PROJECT_VERSION = 1;
				GENERATE_INFOPLIST_FILE = YES;
				IPHONEOS_DEPLOYMENT_TARGET = 17.4;
				MARKETING_VERSION = 1.0;
				PRODUCT_BUNDLE_IDENTIFIER = saber.KryptoTests;
				PRODUCT_NAME = "$(TARGET_NAME)";
				SWIFT_EMIT_LOC_STRINGS = NO;
				SWIFT_VERSION = 5.0;
				TARGETED_DEVICE_FAMILY = "1,2";
				TEST_HOST = "$(BUILT_PRODUCTS_DIR)/Krypto.app/$(BUNDLE_EXECUTABLE_FOLDER_PATH)/Krypto";
			};
			name = Release;
		};
		F1D404D12BC50C9700A9541C /* Debug */ = {
			isa = XCBuildConfiguration;
			buildSettings = {
				ALWAYS_EMBED_SWIFT_STANDARD_LIBRARIES = YES;
				CODE_SIGN_STYLE = Automatic;
				CURRENT_PROJECT_VERSION = 1;
				GENERATE_INFOPLIST_FILE = YES;
				MARKETING_VERSION = 1.0;
				PRODUCT_BUNDLE_IDENTIFIER = saber.KryptoUITests;
				PRODUCT_NAME = "$(TARGET_NAME)";
				SWIFT_EMIT_LOC_STRINGS = NO;
				SWIFT_VERSION = 5.0;
				TARGETED_DEVICE_FAMILY = "1,2";
				TEST_TARGET_NAME = Krypto;
			};
			name = Debug;
		};
		F1D404D22BC50C9700A9541C /* Release */ = {
			isa = XCBuildConfiguration;
			buildSettings = {
				ALWAYS_EMBED_SWIFT_STANDARD_LIBRARIES = YES;
				CODE_SIGN_STYLE = Automatic;
				CURRENT_PROJECT_VERSION = 1;
				GENERATE_INFOPLIST_FILE = YES;
				MARKETING_VERSION = 1.0;
				PRODUCT_BUNDLE_IDENTIFIER = saber.KryptoUITests;
				PRODUCT_NAME = "$(TARGET_NAME)";
				SWIFT_EMIT_LOC_STRINGS = NO;
				SWIFT_VERSION = 5.0;
				TARGETED_DEVICE_FAMILY = "1,2";
				TEST_TARGET_NAME = Krypto;
			};
			name = Release;
		};
/* End XCBuildConfiguration section */

/* Begin XCConfigurationList section */
		F1D4049F2BC50C9600A9541C /* Build configuration list for PBXProject "Krypto" */ = {
			isa = XCConfigurationList;
			buildConfigurations = (
				F1D404C82BC50C9700A9541C /* Debug */,
				F1D404C92BC50C9700A9541C /* Release */,
			);
			defaultConfigurationIsVisible = 0;
			defaultConfigurationName = Release;
		};
		F1D404CA2BC50C9700A9541C /* Build configuration list for PBXNativeTarget "Krypto" */ = {
			isa = XCConfigurationList;
			buildConfigurations = (
				F1D404CB2BC50C9700A9541C /* Debug */,
				F1D404CC2BC50C9700A9541C /* Release */,
			);
			defaultConfigurationIsVisible = 0;
			defaultConfigurationName = Release;
		};
		F1D404CD2BC50C9700A9541C /* Build configuration list for PBXNativeTarget "KryptoTests" */ = {
			isa = XCConfigurationList;
			buildConfigurations = (
				F1D404CE2BC50C9700A9541C /* Debug */,
				F1D404CF2BC50C9700A9541C /* Release */,
			);
			defaultConfigurationIsVisible = 0;
			defaultConfigurationName = Release;
		};
		F1D404D02BC50C9700A9541C /* Build configuration list for PBXNativeTarget "KryptoUITests" */ = {
			isa = XCConfigurationList;
			buildConfigurations = (
				F1D404D12BC50C9700A9541C /* Debug */,
				F1D404D22BC50C9700A9541C /* Release */,
			);
			defaultConfigurationIsVisible = 0;
			defaultConfigurationName = Release;
		};
/* End XCConfigurationList section */
	};
	rootObject = F1D4049C2BC50C9600A9541C /* Project object */;
}
